
Microsoft Visual Studio Solution File, Format Version 12.00
# Visual Studio Version 17
VisualStudioVersion = 17.8.34408.163
MinimumVisualStudioVersion = 10.0.40219.1
Project("{FAE04EC0-301F-11D3-BF4B-00C04F79EFBC}") = "UserManagement", "UserManagement\UserManagement.csproj", "{5144B198-8F99-4A7F-83A4-E808F95BC43E}"
EndProject
Global
	GlobalSection(SolutionConfigurationPlatforms) = preSolution
		Debug|Any CPU = Debug|Any CPU
		Release|Any CPU = Release|Any CPU
	EndGlobalSection
	GlobalSection(ProjectConfigurationPlatforms) = postSolution
		{5144B198-8F99-4A7F-83A4-E808F95BC43E}.Debug|Any CPU.ActiveCfg = Debug|Any CPU
		{5144B198-8F99-4A7F-83A4-E808F95BC43E}.Debug|Any CPU.Build.0 = Debug|Any CPU
		{5144B198-8F99-4A7F-83A4-E808F95BC43E}.Release|Any CPU.ActiveCfg = Release|Any CPU
		{5144B198-8F99-4A7F-83A4-E808F95BC43E}.Release|Any CPU.Build.0 = Release|Any CPU
	EndGlobalSection
	GlobalSection(SolutionProperties) = preSolution
		HideSolutionNode = FALSE
	EndGlobalSection
	GlobalSection(ExtensibilityGlobals) = postSolution
		SolutionGuid = {2827D641-5C0C-41F2-8179-283FD543AB99}
	EndGlobalSection
EndGlobal
